
Microsoft Visual Studio Solution File, Format Version 11.00
# Visual Studio 2010
Project("{FAE04EC0-301F-11D3-BF4B-00C04F79EFBC}") = "WindowsApplication1", "WindowsApplication1\WindowsApplication1.csproj", "{23248BC3-51DD-4FD2-959C-B7A00591B4CD}"
EndProject
Global
	GlobalSection(SolutionConfigurationPlatforms) = preSolution
		Debug|Any CPU = Debug|Any CPU
		Release|Any CPU = Release|Any CPU
	EndGlobalSection
	GlobalSection(ProjectConfigurationPlatforms) = postSolution
		{23248BC3-51DD-4FD2-959C-B7A00591B4CD}.Debug|Any CPU.ActiveCfg = Debug|Any CPU
		{23248BC3-51DD-4FD2-959C-B7A00591B4CD}.Debug|Any CPU.Build.0 = Debug|Any CPU
		{23248BC3-51DD-4FD2-959C-B7A00591B4CD}.Release|Any CPU.ActiveCfg = Release|Any CPU
		{23248BC3-51DD-4FD2-959C-B7A00591B4CD}.Release|Any CPU.Build.0 = Release|Any CPU
	EndGlobalSection
	GlobalSection(SolutionProperties) = preSolution
		HideSolutionNode = FALSE
	EndGlobalSection
EndGlobal
